
Microsoft Visual Studio Solution File, Format Version 12.00
# Visual Studio Version 17
VisualStudioVersion = 17.1.32210.238
MinimumVisualStudioVersion = 10.0.40219.1
Project("{FAE04EC0-301F-11D3-BF4B-00C04F79EFBC}") = "Yahtzee", "Yahtzee.csproj", "{B72E4CC0-2855-452B-8E00-725034B97ADC}"
EndProject
Global
	GlobalSection(SolutionConfigurationPlatforms) = preSolution
		Debug|Any CPU = Debug|Any CPU
		Release|Any CPU = Release|Any CPU
	EndGlobalSection
	GlobalSection(ProjectConfigurationPlatforms) = postSolution
		{B72E4CC0-2855-452B-8E00-725034B97ADC}.Debug|Any CPU.ActiveCfg = Debug|Any CPU
		{B72E4CC0-2855-452B-8E00-725034B97ADC}.Debug|Any CPU.Build.0 = Debug|Any CPU
		{B72E4CC0-2855-452B-8E00-725034B97ADC}.Release|Any CPU.ActiveCfg = Release|Any CPU
		{B72E4CC0-2855-452B-8E00-725034B97ADC}.Release|Any CPU.Build.0 = Release|Any CPU
	EndGlobalSection
	GlobalSection(SolutionProperties) = preSolution
		HideSolutionNode = FALSE
	EndGlobalSection
	GlobalSection(ExtensibilityGlobals) = postSolution
		SolutionGuid = {6FDAC147-7CE8-404D-9B6F-E4A580978006}
	EndGlobalSection
EndGlobal
